{"packages":{"js":{"version":"0.0.13","source":"hosted","description":"js"},"bot":{"version":"0.10.0","source":"git","description":{"url":"https://github.com/kevmoo/bot.dart.git","ref":"0-10-stable","resolved-ref":"aad079f3d635adab4a23945a48f05232eebfa123"}},"unittest":{"version":"0.2.10+1","source":"hosted","description":"unittest"},"logging":{"version":"0.2.10+1","source":"hosted","description":"logging"},"args":{"version":"0.2.10+1","source":"hosted","description":"args"},"meta":{"version":"0.2.10+1","source":"hosted","description":"meta"}}}