{"packages":{"js":{"version":"0.0.13","source":"hosted","description":"js"},"bot":{"version":"0.10.0","source":"git","description":{"url":"https://github.com/kevmoo/bot.dart.git","ref":"SDK_v0-3","resolved-ref":"23d82dea9f81030052aaa294856b9f6d0e961ed2"}},"unittest":{"version":"0.2.10+1","source":"hosted","description":"unittest"},"logging":{"version":"0.2.10+1","source":"hosted","description":"logging"},"args":{"version":"0.2.10+1","source":"hosted","description":"args"},"meta":{"version":"0.2.10+1","source":"hosted","description":"meta"}}}